
Microsoft Visual Studio Solution File, Format Version 12.00
# Visual Studio 15
VisualStudioVersion = 15.0.28307.852
MinimumVisualStudioVersion = 10.0.40219.1
Project("{FAE04EC0-301F-11D3-BF4B-00C04F79EFBC}") = "EventForms", "EventForms\EventForms.csproj", "{AC101BF1-0612-4578-A37A-9889C840A7F7}"
EndProject
Global
	GlobalSection(SolutionConfigurationPlatforms) = preSolution
		Debug|Any CPU = Debug|Any CPU
		Release|Any CPU = Release|Any CPU
	EndGlobalSection
	GlobalSection(ProjectConfigurationPlatforms) = postSolution
		{AC101BF1-0612-4578-A37A-9889C840A7F7}.Debug|Any CPU.ActiveCfg = Debug|Any CPU
		{AC101BF1-0612-4578-A37A-9889C840A7F7}.Debug|Any CPU.Build.0 = Debug|Any CPU
		{AC101BF1-0612-4578-A37A-9889C840A7F7}.Release|Any CPU.ActiveCfg = Release|Any CPU
		{AC101BF1-0612-4578-A37A-9889C840A7F7}.Release|Any CPU.Build.0 = Release|Any CPU
	EndGlobalSection
	GlobalSection(SolutionProperties) = preSolution
		HideSolutionNode = FALSE
	EndGlobalSection
	GlobalSection(ExtensibilityGlobals) = postSolution
		SolutionGuid = {632998B6-C95C-4418-8728-74702C54739B}
	EndGlobalSection
EndGlobal
